
Microsoft Visual Studio Solution File, Format Version 12.00
# Visual Studio Version 16
VisualStudioVersion = 16.0.31229.75
MinimumVisualStudioVersion = 10.0.40219.1
Project("{8BC9CEB8-8B4A-11D0-8D11-00A0C91BC942}") = "expa1", "expa1\expa1.vcxproj", "{E97384AD-1907-492A-81FA-A2E682E8AD86}"
EndProject
Global
	GlobalSection(SolutionConfigurationPlatforms) = preSolution
		Debug|x64 = Debug|x64
		Debug|x86 = Debug|x86
		Release|x64 = Release|x64
		Release|x86 = Release|x86
	EndGlobalSection
	GlobalSection(ProjectConfigurationPlatforms) = postSolution
		{E97384AD-1907-492A-81FA-A2E682E8AD86}.Debug|x64.ActiveCfg = Debug|x64
		{E97384AD-1907-492A-81FA-A2E682E8AD86}.Debug|x64.Build.0 = Debug|x64
		{E97384AD-1907-492A-81FA-A2E682E8AD86}.Debug|x86.ActiveCfg = Debug|Win32
		{E97384AD-1907-492A-81FA-A2E682E8AD86}.Debug|x86.Build.0 = Debug|Win32
		{E97384AD-1907-492A-81FA-A2E682E8AD86}.Release|x64.ActiveCfg = Release|x64
		{E97384AD-1907-492A-81FA-A2E682E8AD86}.Release|x64.Build.0 = Release|x64
		{E97384AD-1907-492A-81FA-A2E682E8AD86}.Release|x86.ActiveCfg = Release|Win32
		{E97384AD-1907-492A-81FA-A2E682E8AD86}.Release|x86.Build.0 = Release|Win32
	EndGlobalSection
	GlobalSection(SolutionProperties) = preSolution
		HideSolutionNode = FALSE
	EndGlobalSection
	GlobalSection(ExtensibilityGlobals) = postSolution
		SolutionGuid = {D247B59E-5372-4E61-A988-C5462350C70D}
	EndGlobalSection
EndGlobal
