
Microsoft Visual Studio Solution File, Format Version 12.00
# Visual Studio Version 16
VisualStudioVersion = 16.0.31229.75
MinimumVisualStudioVersion = 10.0.40219.1
Project("{8BC9CEB8-8B4A-11D0-8D11-00A0C91BC942}") = "9-2procpp", "9-2procpp\9-2procpp.vcxproj", "{0DF784FB-10B6-48C9-B3D6-703FF937CFB3}"
EndProject
Global
	GlobalSection(SolutionConfigurationPlatforms) = preSolution
		Debug|x64 = Debug|x64
		Debug|x86 = Debug|x86
		Release|x64 = Release|x64
		Release|x86 = Release|x86
	EndGlobalSection
	GlobalSection(ProjectConfigurationPlatforms) = postSolution
		{0DF784FB-10B6-48C9-B3D6-703FF937CFB3}.Debug|x64.ActiveCfg = Debug|x64
		{0DF784FB-10B6-48C9-B3D6-703FF937CFB3}.Debug|x64.Build.0 = Debug|x64
		{0DF784FB-10B6-48C9-B3D6-703FF937CFB3}.Debug|x86.ActiveCfg = Debug|Win32
		{0DF784FB-10B6-48C9-B3D6-703FF937CFB3}.Debug|x86.Build.0 = Debug|Win32
		{0DF784FB-10B6-48C9-B3D6-703FF937CFB3}.Release|x64.ActiveCfg = Release|x64
		{0DF784FB-10B6-48C9-B3D6-703FF937CFB3}.Release|x64.Build.0 = Release|x64
		{0DF784FB-10B6-48C9-B3D6-703FF937CFB3}.Release|x86.ActiveCfg = Release|Win32
		{0DF784FB-10B6-48C9-B3D6-703FF937CFB3}.Release|x86.Build.0 = Release|Win32
	EndGlobalSection
	GlobalSection(SolutionProperties) = preSolution
		HideSolutionNode = FALSE
	EndGlobalSection
	GlobalSection(ExtensibilityGlobals) = postSolution
		SolutionGuid = {DAA5E218-7FD7-4609-A289-0F7E59E43A87}
	EndGlobalSection
EndGlobal
