
Microsoft Visual Studio Solution File, Format Version 12.00
# Visual Studio Version 16
VisualStudioVersion = 16.0.31229.75
MinimumVisualStudioVersion = 10.0.40219.1
Project("{8BC9CEB8-8B4A-11D0-8D11-00A0C91BC942}") = "5-2procpp", "5-2procpp\5-2procpp.vcxproj", "{C35C49EA-35EC-494E-81A7-1A9C6DF37A75}"
EndProject
Global
	GlobalSection(SolutionConfigurationPlatforms) = preSolution
		Debug|x64 = Debug|x64
		Debug|x86 = Debug|x86
		Release|x64 = Release|x64
		Release|x86 = Release|x86
	EndGlobalSection
	GlobalSection(ProjectConfigurationPlatforms) = postSolution
		{C35C49EA-35EC-494E-81A7-1A9C6DF37A75}.Debug|x64.ActiveCfg = Debug|x64
		{C35C49EA-35EC-494E-81A7-1A9C6DF37A75}.Debug|x64.Build.0 = Debug|x64
		{C35C49EA-35EC-494E-81A7-1A9C6DF37A75}.Debug|x86.ActiveCfg = Debug|Win32
		{C35C49EA-35EC-494E-81A7-1A9C6DF37A75}.Debug|x86.Build.0 = Debug|Win32
		{C35C49EA-35EC-494E-81A7-1A9C6DF37A75}.Release|x64.ActiveCfg = Release|x64
		{C35C49EA-35EC-494E-81A7-1A9C6DF37A75}.Release|x64.Build.0 = Release|x64
		{C35C49EA-35EC-494E-81A7-1A9C6DF37A75}.Release|x86.ActiveCfg = Release|Win32
		{C35C49EA-35EC-494E-81A7-1A9C6DF37A75}.Release|x86.Build.0 = Release|Win32
	EndGlobalSection
	GlobalSection(SolutionProperties) = preSolution
		HideSolutionNode = FALSE
	EndGlobalSection
	GlobalSection(ExtensibilityGlobals) = postSolution
		SolutionGuid = {FF1C0E08-BA36-4D6B-83B6-D6C561E1BE36}
	EndGlobalSection
EndGlobal
